// !$*UTF8*$!
{
	archiveVersion = 1;
	classes = {
	};
	objectVersion = 56;
	objects = {

/* Begin PBXBuildFile section */
		DB51CD9A29D11C400068F5E2 /* SMKApp.swift in Sources */ = {isa = PBXBuildFile; fileRef = DB51CD9929D11C400068F5E2 /* SMKApp.swift */; };
		DB51CD9C29D11C400068F5E2 /* ContentView.swift in Sources */ = {isa = PBXBuildFile; fileRef = DB51CD9B29D11C400068F5E2 /* ContentView.swift */; };
		DB51CD9E29D11C420068F5E2 /* Assets.xcassets in Resources */ = {isa = PBXBuildFile; fileRef = DB51CD9D29D11C420068F5E2 /* Assets.xcassets */; };
		DB51CDA129D11C420068F5E2 /* Preview Assets.xcassets in Resources */ = {isa = PBXBuildFile; fileRef = DB51CDA029D11C420068F5E2 /* Preview Assets.xcassets */; };
		DB51CDAA29D11CD90068F5E2 /* HomeView.swift in Sources */ = {isa = PBXBuildFile; fileRef = DB51CDA929D11CD90068F5E2 /* HomeView.swift */; };
		DB51CDAC29D11CFE0068F5E2 /* TopBarView.swift in Sources */ = {isa = PBXBuildFile; fileRef = DB51CDAB29D11CFE0068F5E2 /* TopBarView.swift */; };
		DB51CDAE29D11D280068F5E2 /* AlgorithmView.swift in Sources */ = {isa = PBXBuildFile; fileRef = DB51CDAD29D11D280068F5E2 /* AlgorithmView.swift */; };
		DB51CDB029D11DB20068F5E2 /* DataStructureView.swift in Sources */ = {isa = PBXBuildFile; fileRef = DB51CDAF29D11DB20068F5E2 /* DataStructureView.swift */; };
		DB51CDB229D11E210068F5E2 /* DesignPatternView.swift in Sources */ = {isa = PBXBuildFile; fileRef = DB51CDB129D11E210068F5E2 /* DesignPatternView.swift */; };
		DB51CDB429D1220B0068F5E2 /* ProgramLang.swift in Sources */ = {isa = PBXBuildFile; fileRef = DB51CDB329D1220B0068F5E2 /* ProgramLang.swift */; };
		DB51CDB729D126030068F5E2 /* Card.swift in Sources */ = {isa = PBXBuildFile; fileRef = DB51CDB629D126030068F5E2 /* Card.swift */; };
		DB51CDB929D148D80068F5E2 /* CView.swift in Sources */ = {isa = PBXBuildFile; fileRef = DB51CDB829D148D80068F5E2 /* CView.swift */; };
		DB51CDBC29D154DA0068F5E2 /* CplusView.swift in Sources */ = {isa = PBXBuildFile; fileRef = DB51CDBB29D154DA0068F5E2 /* CplusView.swift */; };
		DB51CDBE29D154EC0068F5E2 /* C#View.swift in Sources */ = {isa = PBXBuildFile; fileRef = DB51CDBD29D154EC0068F5E2 /* C#View.swift */; };
		DB51CDC029D155130068F5E2 /* PythonView.swift in Sources */ = {isa = PBXBuildFile; fileRef = DB51CDBF29D155130068F5E2 /* PythonView.swift */; };
		DB51CDC229D155460068F5E2 /* JavaView.swift in Sources */ = {isa = PBXBuildFile; fileRef = DB51CDC129D155460068F5E2 /* JavaView.swift */; };
		DB51CDC529D155660068F5E2 /* JavascriptView.swift in Sources */ = {isa = PBXBuildFile; fileRef = DB51CDC429D155660068F5E2 /* JavascriptView.swift */; };
/* End PBXBuildFile section */

/* Begin PBXFileReference section */
		DB51CD9629D11C400068F5E2 /* SMK.app */ = {isa = PBXFileReference; explicitFileType = wrapper.application; includeInIndex = 0; path = SMK.app; sourceTree = BUILT_PRODUCTS_DIR; };
		DB51CD9929D11C400068F5E2 /* SMKApp.swift */ = {isa = PBXFileReference; lastKnownFileType = sourcecode.swift; path = SMKApp.swift; sourceTree = "<group>"; };
		DB51CD9B29D11C400068F5E2 /* ContentView.swift */ = {isa = PBXFileReference; lastKnownFileType = sourcecode.swift; path = ContentView.swift; sourceTree = "<group>"; };
		DB51CD9D29D11C420068F5E2 /* Assets.xcassets */ = {isa = PBXFileReference; lastKnownFileType = folder.assetcatalog; path = Assets.xcassets; sourceTree = "<group>"; };
		DB51CDA029D11C420068F5E2 /* Preview Assets.xcassets */ = {isa = PBXFileReference; lastKnownFileType = folder.assetcatalog; path = "Preview Assets.xcassets"; sourceTree = "<group>"; };
		DB51CDA929D11CD90068F5E2 /* HomeView.swift */ = {isa = PBXFileReference; lastKnownFileType = sourcecode.swift; path = HomeView.swift; sourceTree = "<group>"; };
		DB51CDAB29D11CFE0068F5E2 /* TopBarView.swift */ = {isa = PBXFileReference; lastKnownFileType = sourcecode.swift; path = TopBarView.swift; sourceTree = "<group>"; };
		DB51CDAD29D11D280068F5E2 /* AlgorithmView.swift */ = {isa = PBXFileReference; lastKnownFileType = sourcecode.swift; path = AlgorithmView.swift; sourceTree = "<group>"; };
		DB51CDAF29D11DB20068F5E2 /* DataStructureView.swift */ = {isa = PBXFileReference; lastKnownFileType = sourcecode.swift; path = DataStructureView.swift; sourceTree = "<group>"; };
		DB51CDB129D11E210068F5E2 /* DesignPatternView.swift */ = {isa = PBXFileReference; lastKnownFileType = sourcecode.swift; path = DesignPatternView.swift; sourceTree = "<group>"; };
		DB51CDB329D1220B0068F5E2 /* ProgramLang.swift */ = {isa = PBXFileReference; lastKnownFileType = sourcecode.swift; path = ProgramLang.swift; sourceTree = "<group>"; };
		DB51CDB629D126030068F5E2 /* Card.swift */ = {isa = PBXFileReference; lastKnownFileType = sourcecode.swift; path = Card.swift; sourceTree = "<group>"; };
		DB51CDB829D148D80068F5E2 /* CView.swift */ = {isa = PBXFileReference; lastKnownFileType = sourcecode.swift; path = CView.swift; sourceTree = "<group>"; };
		DB51CDBB29D154DA0068F5E2 /* CplusView.swift */ = {isa = PBXFileReference; lastKnownFileType = sourcecode.swift; path = CplusView.swift; sourceTree = "<group>"; };
		DB51CDBD29D154EC0068F5E2 /* C#View.swift */ = {isa = PBXFileReference; lastKnownFileType = sourcecode.swift; path = "C#View.swift"; sourceTree = "<group>"; };
		DB51CDBF29D155130068F5E2 /* PythonView.swift */ = {isa = PBXFileReference; lastKnownFileType = sourcecode.swift; path = PythonView.swift; sourceTree = "<group>"; };
		DB51CDC129D155460068F5E2 /* JavaView.swift */ = {isa = PBXFileReference; lastKnownFileType = sourcecode.swift; path = JavaView.swift; sourceTree = "<group>"; };
		DB51CDC429D155660068F5E2 /* JavascriptView.swift */ = {isa = PBXFileReference; lastKnownFileType = sourcecode.swift; path = JavascriptView.swift; sourceTree = "<group>"; };
/* End PBXFileReference section */

/* Begin PBXFrameworksBuildPhase section */
		DB51CD9329D11C400068F5E2 /* Frameworks */ = {
			isa = PBXFrameworksBuildPhase;
			buildActionMask = 2147483647;
			files = (
			);
			runOnlyForDeploymentPostprocessing = 0;
		};
/* End PBXFrameworksBuildPhase section */

/* Begin PBXGroup section */
		DB51CD8D29D11C400068F5E2 = {
			isa = PBXGroup;
			children = (
				DB51CD9829D11C400068F5E2 /* SMK */,
				DB51CD9729D11C400068F5E2 /* Products */,
			);
			sourceTree = "<group>";
		};
		DB51CD9729D11C400068F5E2 /* Products */ = {
			isa = PBXGroup;
			children = (
				DB51CD9629D11C400068F5E2 /* SMK.app */,
			);
			name = Products;
			sourceTree = "<group>";
		};
		DB51CD9829D11C400068F5E2 /* SMK */ = {
			isa = PBXGroup;
			children = (
				DB51CDB529D125D90068F5E2 /* Components */,
				DB51CDA829D11CC80068F5E2 /* View */,
				DB51CDA729D11CB90068F5E2 /* Model */,
				DB51CD9929D11C400068F5E2 /* SMKApp.swift */,
				DB51CD9D29D11C420068F5E2 /* Assets.xcassets */,
				DB51CD9F29D11C420068F5E2 /* Preview Content */,
			);
			path = SMK;
			sourceTree = "<group>";
		};
		DB51CD9F29D11C420068F5E2 /* Preview Content */ = {
			isa = PBXGroup;
			children = (
				DB51CDA029D11C420068F5E2 /* Preview Assets.xcassets */,
			);
			path = "Preview Content";
			sourceTree = "<group>";
		};
		DB51CDA729D11CB90068F5E2 /* Model */ = {
			isa = PBXGroup;
			children = (
				DB51CDB329D1220B0068F5E2 /* ProgramLang.swift */,
			);
			path = Model;
			sourceTree = "<group>";
		};
		DB51CDA829D11CC80068F5E2 /* View */ = {
			isa = PBXGroup;
			children = (
				DB51CDBA29D154AA0068F5E2 /* LanView */,
				DB51CD9B29D11C400068F5E2 /* ContentView.swift */,
				DB51CDA929D11CD90068F5E2 /* HomeView.swift */,
				DB51CDAB29D11CFE0068F5E2 /* TopBarView.swift */,
				DB51CDAD29D11D280068F5E2 /* AlgorithmView.swift */,
				DB51CDAF29D11DB20068F5E2 /* DataStructureView.swift */,
				DB51CDB129D11E210068F5E2 /* DesignPatternView.swift */,
			);
			path = View;
			sourceTree = "<group>";
		};
		DB51CDB529D125D90068F5E2 /* Components */ = {
			isa = PBXGroup;
			children = (
				DB51CDB629D126030068F5E2 /* Card.swift */,
			);
			path = Components;
			sourceTree = "<group>";
		};
		DB51CDBA29D154AA0068F5E2 /* LanView */ = {
			isa = PBXGroup;
			children = (
				DB51CDB829D148D80068F5E2 /* CView.swift */,
				DB51CDBD29D154EC0068F5E2 /* C#View.swift */,
				DB51CDBB29D154DA0068F5E2 /* CplusView.swift */,
				DB51CDBF29D155130068F5E2 /* PythonView.swift */,
				DB51CDC129D155460068F5E2 /* JavaView.swift */,
				DB51CDC429D155660068F5E2 /* JavascriptView.swift */,
			);
			path = LanView;
			sourceTree = "<group>";
		};
/* End PBXGroup section */

/* Begin PBXNativeTarget section */
		DB51CD9529D11C400068F5E2 /* SMK */ = {
			isa = PBXNativeTarget;
			buildConfigurationList = DB51CDA429D11C420068F5E2 /* Build configuration list for PBXNativeTarget "SMK" */;
			buildPhases = (
				DB51CD9229D11C400068F5E2 /* Sources */,
				DB51CD9329D11C400068F5E2 /* Frameworks */,
				DB51CD9429D11C400068F5E2 /* Resources */,
			);
			buildRules = (
			);
			dependencies = (
			);
			name = SMK;
			productName = SMK;
			productReference = DB51CD9629D11C400068F5E2 /* SMK.app */;
			productType = "com.apple.product-type.application";
		};
/* End PBXNativeTarget section */

/* Begin PBXProject section */
		DB51CD8E29D11C400068F5E2 /* Project object */ = {
			isa = PBXProject;
			attributes = {
				BuildIndependentTargetsInParallel = 1;
				LastSwiftUpdateCheck = 1410;
				LastUpgradeCheck = 1410;
				TargetAttributes = {
					DB51CD9529D11C400068F5E2 = {
						CreatedOnToolsVersion = 14.1;
					};
				};
			};
			buildConfigurationList = DB51CD9129D11C400068F5E2 /* Build configuration list for PBXProject "SMK" */;
			compatibilityVersion = "Xcode 14.0";
			developmentRegion = en;
			hasScannedForEncodings = 0;
			knownRegions = (
				en,
				Base,
			);
			mainGroup = DB51CD8D29D11C400068F5E2;
			productRefGroup = DB51CD9729D11C400068F5E2 /* Products */;
			projectDirPath = "";
			projectRoot = "";
			targets = (
				DB51CD9529D11C400068F5E2 /* SMK */,
			);
		};
/* End PBXProject section */

/* Begin PBXResourcesBuildPhase section */
		DB51CD9429D11C400068F5E2 /* Resources */ = {
			isa = PBXResourcesBuildPhase;
			buildActionMask = 2147483647;
			files = (
				DB51CDA129D11C420068F5E2 /* Preview Assets.xcassets in Resources */,
				DB51CD9E29D11C420068F5E2 /* Assets.xcassets in Resources */,
			);
			runOnlyForDeploymentPostprocessing = 0;
		};
/* End PBXResourcesBuildPhase section */

/* Begin PBXSourcesBuildPhase section */
		DB51CD9229D11C400068F5E2 /* Sources */ = {
			isa = PBXSourcesBuildPhase;
			buildActionMask = 2147483647;
			files = (
				DB51CDB229D11E210068F5E2 /* DesignPatternView.swift in Sources */,
				DB51CDB729D126030068F5E2 /* Card.swift in Sources */,
				DB51CDAA29D11CD90068F5E2 /* HomeView.swift in Sources */,
				DB51CD9C29D11C400068F5E2 /* ContentView.swift in Sources */,
				DB51CDC229D155460068F5E2 /* JavaView.swift in Sources */,
				DB51CDBE29D154EC0068F5E2 /* C#View.swift in Sources */,
				DB51CDC529D155660068F5E2 /* JavascriptView.swift in Sources */,
				DB51CDAC29D11CFE0068F5E2 /* TopBarView.swift in Sources */,
				DB51CDC029D155130068F5E2 /* PythonView.swift in Sources */,
				DB51CDAE29D11D280068F5E2 /* AlgorithmView.swift in Sources */,
				DB51CDB029D11DB20068F5E2 /* DataStructureView.swift in Sources */,
				DB51CDB429D1220B0068F5E2 /* ProgramLang.swift in Sources */,
				DB51CDB929D148D80068F5E2 /* CView.swift in Sources */,
				DB51CD9A29D11C400068F5E2 /* SMKApp.swift in Sources */,
				DB51CDBC29D154DA0068F5E2 /* CplusView.swift in Sources */,
			);
			runOnlyForDeploymentPostprocessing = 0;
		};
/* End PBXSourcesBuildPhase section */

/* Begin XCBuildConfiguration section */
		DB51CDA229D11C420068F5E2 /* Debug */ = {
			isa = XCBuildConfiguration;
			buildSettings = {
				ALWAYS_SEARCH_USER_PATHS = NO;
				CLANG_ANALYZER_NONNULL = YES;
				CLANG_ANALYZER_NUMBER_OBJECT_CONVERSION = YES_AGGRESSIVE;
				CLANG_CXX_LANGUAGE_STANDARD = "gnu++20";
				CLANG_ENABLE_MODULES = YES;
				CLANG_ENABLE_OBJC_ARC = YES;
				CLANG_ENABLE_OBJC_WEAK = YES;
				CLANG_WARN_BLOCK_CAPTURE_AUTORELEASING = YES;
				CLANG_WARN_BOOL_CONVERSION = YES;
				CLANG_WARN_COMMA = YES;
				CLANG_WARN_CONSTANT_CONVERSION = YES;
				CLANG_WARN_DEPRECATED_OBJC_IMPLEMENTATIONS = YES;
				CLANG_WARN_DIRECT_OBJC_ISA_USAGE = YES_ERROR;
				CLANG_WARN_DOCUMENTATION_COMMENTS = YES;
				CLANG_WARN_EMPTY_BODY = YES;
				CLANG_WARN_ENUM_CONVERSION = YES;
				CLANG_WARN_INFINITE_RECURSION = YES;
				CLANG_WARN_INT_CONVERSION = YES;
				CLANG_WARN_NON_LITERAL_NULL_CONVERSION = YES;
				CLANG_WARN_OBJC_IMPLICIT_RETAIN_SELF = YES;
				CLANG_WARN_OBJC_LITERAL_CONVERSION = YES;
				CLANG_WARN_OBJC_ROOT_CLASS = YES_ERROR;
				CLANG_WARN_QUOTED_INCLUDE_IN_FRAMEWORK_HEADER = YES;
				CLANG_WARN_RANGE_LOOP_ANALYSIS = YES;
				CLANG_WARN_STRICT_PROTOTYPES = YES;
				CLANG_WARN_SUSPICIOUS_MOVE = YES;
				CLANG_WARN_UNGUARDED_AVAILABILITY = YES_AGGRESSIVE;
				CLANG_WARN_UNREACHABLE_CODE = YES;
				CLANG_WARN__DUPLICATE_METHOD_MATCH = YES;
				COPY_PHASE_STRIP = NO;
				DEBUG_INFORMATION_FORMAT = dwarf;
				ENABLE_STRICT_OBJC_MSGSEND = YES;
				ENABLE_TESTABILITY = YES;
				GCC_C_LANGUAGE_STANDARD = gnu11;
				GCC_DYNAMIC_NO_PIC = NO;
				GCC_NO_COMMON_BLOCKS = YES;
				GCC_OPTIMIZATION_LEVEL = 0;
				GCC_PREPROCESSOR_DEFINITIONS = (
					"DEBUG=1",
					"$(inherited)",
				);
				GCC_WARN_64_TO_32_BIT_CONVERSION = YES;
				GCC_WARN_ABOUT_RETURN_TYPE = YES_ERROR;
				GCC_WARN_UNDECLARED_SELECTOR = YES;
				GCC_WARN_UNINITIALIZED_AUTOS = YES_AGGRESSIVE;
				GCC_WARN_UNUSED_FUNCTION = YES;
				GCC_WARN_UNUSED_VARIABLE = YES;
				IPHONEOS_DEPLOYMENT_TARGET = 16.1;
				MTL_ENABLE_DEBUG_INFO = INCLUDE_SOURCE;
				MTL_FAST_MATH = YES;
				ONLY_ACTIVE_ARCH = YES;
				SDKROOT = iphoneos;
				SWIFT_ACTIVE_COMPILATION_CONDITIONS = DEBUG;
				SWIFT_OPTIMIZATION_LEVEL = "-Onone";
			};
			name = Debug;
		};
		DB51CDA329D11C420068F5E2 /* Release */ = {
			isa = XCBuildConfiguration;
			buildSettings = {
				ALWAYS_SEARCH_USER_PATHS = NO;
				CLANG_ANALYZER_NONNULL = YES;
				CLANG_ANALYZER_NUMBER_OBJECT_CONVERSION = YES_AGGRESSIVE;
				CLANG_CXX_LANGUAGE_STANDARD = "gnu++20";
				CLANG_ENABLE_MODULES = YES;
				CLANG_ENABLE_OBJC_ARC = YES;
				CLANG_ENABLE_OBJC_WEAK = YES;
				CLANG_WARN_BLOCK_CAPTURE_AUTORELEASING = YES;
				CLANG_WARN_BOOL_CONVERSION = YES;
				CLANG_WARN_COMMA = YES;
				CLANG_WARN_CONSTANT_CONVERSION = YES;
				CLANG_WARN_DEPRECATED_OBJC_IMPLEMENTATIONS = YES;
				CLANG_WARN_DIRECT_OBJC_ISA_USAGE = YES_ERROR;
				CLANG_WARN_DOCUMENTATION_COMMENTS = YES;
				CLANG_WARN_EMPTY_BODY = YES;
				CLANG_WARN_ENUM_CONVERSION = YES;
				CLANG_WARN_INFINITE_RECURSION = YES;
				CLANG_WARN_INT_CONVERSION = YES;
				CLANG_WARN_NON_LITERAL_NULL_CONVERSION = YES;
				CLANG_WARN_OBJC_IMPLICIT_RETAIN_SELF = YES;
				CLANG_WARN_OBJC_LITERAL_CONVERSION = YES;
				CLANG_WARN_OBJC_ROOT_CLASS = YES_ERROR;
				CLANG_WARN_QUOTED_INCLUDE_IN_FRAMEWORK_HEADER = YES;
				CLANG_WARN_RANGE_LOOP_ANALYSIS = YES;
				CLANG_WARN_STRICT_PROTOTYPES = YES;
				CLANG_WARN_SUSPICIOUS_MOVE = YES;
				CLANG_WARN_UNGUARDED_AVAILABILITY = YES_AGGRESSIVE;
				CLANG_WARN_UNREACHABLE_CODE = YES;
				CLANG_WARN__DUPLICATE_METHOD_MATCH = YES;
				COPY_PHASE_STRIP = NO;
				DEBUG_INFORMATION_FORMAT = "dwarf-with-dsym";
				ENABLE_NS_ASSERTIONS = NO;
				ENABLE_STRICT_OBJC_MSGSEND = YES;
				GCC_C_LANGUAGE_STANDARD = gnu11;
				GCC_NO_COMMON_BLOCKS = YES;
				GCC_WARN_64_TO_32_BIT_CONVERSION = YES;
				GCC_WARN_ABOUT_RETURN_TYPE = YES_ERROR;
				GCC_WARN_UNDECLARED_SELECTOR = YES;
				GCC_WARN_UNINITIALIZED_AUTOS = YES_AGGRESSIVE;
				GCC_WARN_UNUSED_FUNCTION = YES;
				GCC_WARN_UNUSED_VARIABLE = YES;
				IPHONEOS_DEPLOYMENT_TARGET = 16.1;
				MTL_ENABLE_DEBUG_INFO = NO;
				MTL_FAST_MATH = YES;
				SDKROOT = iphoneos;
				SWIFT_COMPILATION_MODE = wholemodule;
				SWIFT_OPTIMIZATION_LEVEL = "-O";
				VALIDATE_PRODUCT = YES;
			};
			name = Release;
		};
		DB51CDA529D11C420068F5E2 /* Debug */ = {
			isa = XCBuildConfiguration;
			buildSettings = {
				ASSETCATALOG_COMPILER_APPICON_NAME = AppIcon;
				ASSETCATALOG_COMPILER_GLOBAL_ACCENT_COLOR_NAME = AccentColor;
				CODE_SIGN_STYLE = Automatic;
				CURRENT_PROJECT_VERSION = 1;
				DEVELOPMENT_ASSET_PATHS = "\"SMK/Preview Content\"";
				DEVELOPMENT_TEAM = 477F64NLSP;
				ENABLE_PREVIEWS = YES;
				GENERATE_INFOPLIST_FILE = YES;
				INFOPLIST_KEY_UIApplicationSceneManifest_Generation = YES;
				INFOPLIST_KEY_UIApplicationSupportsIndirectInputEvents = YES;
				INFOPLIST_KEY_UILaunchScreen_Generation = YES;
				INFOPLIST_KEY_UISupportedInterfaceOrientations_iPad = "UIInterfaceOrientationPortrait UIInterfaceOrientationPortraitUpsideDown UIInterfaceOrientationLandscapeLeft UIInterfaceOrientationLandscapeRight";
				INFOPLIST_KEY_UISupportedInterfaceOrientations_iPhone = "UIInterfaceOrientationPortrait UIInterfaceOrientationLandscapeLeft UIInterfaceOrientationLandscapeRight";
				LD_RUNPATH_SEARCH_PATHS = (
					"$(inherited)",
					"@executable_path/Frameworks",
				);
				MARKETING_VERSION = 1.0;
				PRODUCT_BUNDLE_IDENTIFIER = whohoo.SMK;
				PRODUCT_NAME = "$(TARGET_NAME)";
				SWIFT_EMIT_LOC_STRINGS = YES;
				SWIFT_VERSION = 5.0;
				TARGETED_DEVICE_FAMILY = "1,2";
			};
			name = Debug;
		};
		DB51CDA629D11C420068F5E2 /* Release */ = {
			isa = XCBuildConfiguration;
			buildSettings = {
				ASSETCATALOG_COMPILER_APPICON_NAME = AppIcon;
				ASSETCATALOG_COMPILER_GLOBAL_ACCENT_COLOR_NAME = AccentColor;
				CODE_SIGN_STYLE = Automatic;
				CURRENT_PROJECT_VERSION = 1;
				DEVELOPMENT_ASSET_PATHS = "\"SMK/Preview Content\"";
				DEVELOPMENT_TEAM = 477F64NLSP;
				ENABLE_PREVIEWS = YES;
				GENERATE_INFOPLIST_FILE = YES;
				INFOPLIST_KEY_UIApplicationSceneManifest_Generation = YES;
				INFOPLIST_KEY_UIApplicationSupportsIndirectInputEvents = YES;
				INFOPLIST_KEY_UILaunchScreen_Generation = YES;
				INFOPLIST_KEY_UISupportedInterfaceOrientations_iPad = "UIInterfaceOrientationPortrait UIInterfaceOrientationPortraitUpsideDown UIInterfaceOrientationLandscapeLeft UIInterfaceOrientationLandscapeRight";
				INFOPLIST_KEY_UISupportedInterfaceOrientations_iPhone = "UIInterfaceOrientationPortrait UIInterfaceOrientationLandscapeLeft UIInterfaceOrientationLandscapeRight";
				LD_RUNPATH_SEARCH_PATHS = (
					"$(inherited)",
					"@executable_path/Frameworks",
				);
				MARKETING_VERSION = 1.0;
				PRODUCT_BUNDLE_IDENTIFIER = whohoo.SMK;
				PRODUCT_NAME = "$(TARGET_NAME)";
				SWIFT_EMIT_LOC_STRINGS = YES;
				SWIFT_VERSION = 5.0;
				TARGETED_DEVICE_FAMILY = "1,2";
			};
			name = Release;
		};
/* End XCBuildConfiguration section */

/* Begin XCConfigurationList section */
		DB51CD9129D11C400068F5E2 /* Build configuration list for PBXProject "SMK" */ = {
			isa = XCConfigurationList;
			buildConfigurations = (
				DB51CDA229D11C420068F5E2 /* Debug */,
				DB51CDA329D11C420068F5E2 /* Release */,
			);
			defaultConfigurationIsVisible = 0;
			defaultConfigurationName = Release;
		};
		DB51CDA429D11C420068F5E2 /* Build configuration list for PBXNativeTarget "SMK" */ = {
			isa = XCConfigurationList;
			buildConfigurations = (
				DB51CDA529D11C420068F5E2 /* Debug */,
				DB51CDA629D11C420068F5E2 /* Release */,
			);
			defaultConfigurationIsVisible = 0;
			defaultConfigurationName = Release;
		};
/* End XCConfigurationList section */
	};
	rootObject = DB51CD8E29D11C400068F5E2 /* Project object */;
}
